
Microsoft Visual Studio Solution File, Format Version 12.00
# Visual Studio Version 17
VisualStudioVersion = 17.4.33205.214
MinimumVisualStudioVersion = 10.0.40219.1
Project("{8BC9CEB8-8B4A-11D0-8D11-00A0C91BC942}") = "Preprocessor", "Preprocessor\Preprocessor.vcxproj", "{CA763EA9-E823-4209-AF7D-06CCF670A622}"
EndProject
Global
	GlobalSection(SolutionConfigurationPlatforms) = preSolution
		Debug|x64 = Debug|x64
		Debug|x86 = Debug|x86
		Release|x64 = Release|x64
		Release|x86 = Release|x86
	EndGlobalSection
	GlobalSection(ProjectConfigurationPlatforms) = postSolution
		{CA763EA9-E823-4209-AF7D-06CCF670A622}.Debug|x64.ActiveCfg = Debug|x64
		{CA763EA9-E823-4209-AF7D-06CCF670A622}.Debug|x64.Build.0 = Debug|x64
		{CA763EA9-E823-4209-AF7D-06CCF670A622}.Debug|x86.ActiveCfg = Debug|Win32
		{CA763EA9-E823-4209-AF7D-06CCF670A622}.Debug|x86.Build.0 = Debug|Win32
		{CA763EA9-E823-4209-AF7D-06CCF670A622}.Release|x64.ActiveCfg = Release|x64
		{CA763EA9-E823-4209-AF7D-06CCF670A622}.Release|x64.Build.0 = Release|x64
		{CA763EA9-E823-4209-AF7D-06CCF670A622}.Release|x86.ActiveCfg = Release|Win32
		{CA763EA9-E823-4209-AF7D-06CCF670A622}.Release|x86.Build.0 = Release|Win32
	EndGlobalSection
	GlobalSection(SolutionProperties) = preSolution
		HideSolutionNode = FALSE
	EndGlobalSection
	GlobalSection(ExtensibilityGlobals) = postSolution
		SolutionGuid = {11348236-1481-4695-9984-70944F828A3C}
	EndGlobalSection
EndGlobal
